
Microsoft Visual Studio Solution File, Format Version 12.00
# Visual Studio Version 16
VisualStudioVersion = 16.0.31229.75
MinimumVisualStudioVersion = 10.0.40219.1
Project("{FAE04EC0-301F-11D3-BF4B-00C04F79EFBC}") = "Api", "Api\Api.csproj", "{7857621B-4D02-4F3A-AA44-DD176B335D80}"
EndProject
Global
	GlobalSection(SolutionConfigurationPlatforms) = preSolution
		Debug|Any CPU = Debug|Any CPU
		Release|Any CPU = Release|Any CPU
	EndGlobalSection
	GlobalSection(ProjectConfigurationPlatforms) = postSolution
		{7857621B-4D02-4F3A-AA44-DD176B335D80}.Debug|Any CPU.ActiveCfg = Debug|Any CPU
		{7857621B-4D02-4F3A-AA44-DD176B335D80}.Debug|Any CPU.Build.0 = Debug|Any CPU
		{7857621B-4D02-4F3A-AA44-DD176B335D80}.Release|Any CPU.ActiveCfg = Release|Any CPU
		{7857621B-4D02-4F3A-AA44-DD176B335D80}.Release|Any CPU.Build.0 = Release|Any CPU
	EndGlobalSection
	GlobalSection(SolutionProperties) = preSolution
		HideSolutionNode = FALSE
	EndGlobalSection
	GlobalSection(ExtensibilityGlobals) = postSolution
		SolutionGuid = {76DD36B5-BC21-4FCE-846D-F9BEC169B04B}
	EndGlobalSection
EndGlobal
